
Microsoft Visual Studio Solution File, Format Version 12.00
# Visual Studio 15
VisualStudioVersion = 15.0.28307.960
MinimumVisualStudioVersion = 10.0.40219.1
Project("{FAE04EC0-301F-11D3-BF4B-00C04F79EFBC}") = "Day20", "Day20\Day20.csproj", "{3168437B-BC86-42FD-B17B-247629A3F862}"
EndProject
Global
	GlobalSection(SolutionConfigurationPlatforms) = preSolution
		Debug|Any CPU = Debug|Any CPU
		Release|Any CPU = Release|Any CPU
	EndGlobalSection
	GlobalSection(ProjectConfigurationPlatforms) = postSolution
		{3168437B-BC86-42FD-B17B-247629A3F862}.Debug|Any CPU.ActiveCfg = Debug|Any CPU
		{3168437B-BC86-42FD-B17B-247629A3F862}.Debug|Any CPU.Build.0 = Debug|Any CPU
		{3168437B-BC86-42FD-B17B-247629A3F862}.Release|Any CPU.ActiveCfg = Release|Any CPU
		{3168437B-BC86-42FD-B17B-247629A3F862}.Release|Any CPU.Build.0 = Release|Any CPU
	EndGlobalSection
	GlobalSection(SolutionProperties) = preSolution
		HideSolutionNode = FALSE
	EndGlobalSection
	GlobalSection(ExtensibilityGlobals) = postSolution
		SolutionGuid = {56BD71EB-945B-41CD-A98F-884CB51D671E}
	EndGlobalSection
EndGlobal
